// !$*UTF8*$!
{
	archiveVersion = 1;
	classes = {
	};
	objectVersion = 56;
	objects = {

/* Begin PBXBuildFile section */
		B3F49A3729A04E480029FE56 /* AppDelegate.swift in Sources */ = {isa = PBXBuildFile; fileRef = B3F49A3629A04E480029FE56 /* AppDelegate.swift */; };
		B3F49A3929A04E480029FE56 /* SceneDelegate.swift in Sources */ = {isa = PBXBuildFile; fileRef = B3F49A3829A04E480029FE56 /* SceneDelegate.swift */; };
		B3F49A3B29A04E480029FE56 /* HomeViewController.swift in Sources */ = {isa = PBXBuildFile; fileRef = B3F49A3A29A04E480029FE56 /* HomeViewController.swift */; };
		B3F49A4029A04E4A0029FE56 /* Assets.xcassets in Resources */ = {isa = PBXBuildFile; fileRef = B3F49A3F29A04E4A0029FE56 /* Assets.xcassets */; };
		B3F49A4329A04E4A0029FE56 /* LaunchScreen.storyboard in Resources */ = {isa = PBXBuildFile; fileRef = B3F49A4129A04E4A0029FE56 /* LaunchScreen.storyboard */; };
		B3F49A4E29A04E4A0029FE56 /* DefaultItemsLoaderTests.swift in Sources */ = {isa = PBXBuildFile; fileRef = B3F49A4D29A04E4A0029FE56 /* DefaultItemsLoaderTests.swift */; };
		B3F49A6A29A3D62C0029FE56 /* Item.swift in Sources */ = {isa = PBXBuildFile; fileRef = B3F49A6929A3D62C0029FE56 /* Item.swift */; };
		B3F49A6E29A3D6D90029FE56 /* ItemsLoader.swift in Sources */ = {isa = PBXBuildFile; fileRef = B3F49A6D29A3D6D90029FE56 /* ItemsLoader.swift */; };
		B3F49A7229A3D7050029FE56 /* DefaultItemsLoader.swift in Sources */ = {isa = PBXBuildFile; fileRef = B3F49A7129A3D7050029FE56 /* DefaultItemsLoader.swift */; };
		B3F49A7429A3D71F0029FE56 /* ItemsMapper.swift in Sources */ = {isa = PBXBuildFile; fileRef = B3F49A7329A3D71F0029FE56 /* ItemsMapper.swift */; };
		B3F49A7729A3D7490029FE56 /* HTTPClient.swift in Sources */ = {isa = PBXBuildFile; fileRef = B3F49A7629A3D7490029FE56 /* HTTPClient.swift */; };
		B3F49A7A29A3FC5F0029FE56 /* URLSessionHTTPClientTests.swift in Sources */ = {isa = PBXBuildFile; fileRef = B3F49A7929A3FC5F0029FE56 /* URLSessionHTTPClientTests.swift */; };
		B3F49A7E29A406C90029FE56 /* Session.swift in Sources */ = {isa = PBXBuildFile; fileRef = B3F49A7D29A406C90029FE56 /* Session.swift */; };
		B3F49A8129A40BDB0029FE56 /* URLSessionHTTPClient.swift in Sources */ = {isa = PBXBuildFile; fileRef = B3F49A8029A40BDB0029FE56 /* URLSessionHTTPClient.swift */; };
		B3F49A8629A4F7F20029FE56 /* DefaultDiscountsLoaderTests.swift in Sources */ = {isa = PBXBuildFile; fileRef = B3F49A8529A4F7F20029FE56 /* DefaultDiscountsLoaderTests.swift */; };
		B3F49A8829A79BDD0029FE56 /* Discount.swift in Sources */ = {isa = PBXBuildFile; fileRef = B3F49A8729A79BDD0029FE56 /* Discount.swift */; };
		B3F49A8A29A79C2C0029FE56 /* DiscountsLoader.swift in Sources */ = {isa = PBXBuildFile; fileRef = B3F49A8929A79C2C0029FE56 /* DiscountsLoader.swift */; };
		B3F49A8C29A79C830029FE56 /* DefaultDiscountsLoader.swift in Sources */ = {isa = PBXBuildFile; fileRef = B3F49A8B29A79C830029FE56 /* DefaultDiscountsLoader.swift */; };
		B3F49A8F29A7A10E0029FE56 /* HomeViewModelTests.swift in Sources */ = {isa = PBXBuildFile; fileRef = B3F49A8E29A7A10E0029FE56 /* HomeViewModelTests.swift */; };
		B3F49A9229A7B2AE0029FE56 /* HomeViewModel.swift in Sources */ = {isa = PBXBuildFile; fileRef = B3F49A9129A7B2AE0029FE56 /* HomeViewModel.swift */; };
		B3F49A9429A7C6E50029FE56 /* ItemTableViewCell.swift in Sources */ = {isa = PBXBuildFile; fileRef = B3F49A9329A7C6E50029FE56 /* ItemTableViewCell.swift */; };
		B3F49A9829A7C78F0029FE56 /* CartViewModelTests.swift in Sources */ = {isa = PBXBuildFile; fileRef = B3F49A9729A7C78F0029FE56 /* CartViewModelTests.swift */; };
		B3F49A9A29A7D3600029FE56 /* CartViewModel.swift in Sources */ = {isa = PBXBuildFile; fileRef = B3F49A9929A7D3600029FE56 /* CartViewModel.swift */; };
		B3F49A9C29A7D3790029FE56 /* CartItem.swift in Sources */ = {isa = PBXBuildFile; fileRef = B3F49A9B29A7D3790029FE56 /* CartItem.swift */; };
/* End PBXBuildFile section */

/* Begin PBXContainerItemProxy section */
		B3F49A4A29A04E4A0029FE56 /* PBXContainerItemProxy */ = {
			isa = PBXContainerItemProxy;
			containerPortal = B3F49A2B29A04E480029FE56 /* Project object */;
			proxyType = 1;
			remoteGlobalIDString = B3F49A3229A04E480029FE56;
			remoteInfo = Cabify;
		};
/* End PBXContainerItemProxy section */

/* Begin PBXFileReference section */
		B3F49A3329A04E480029FE56 /* Cabify.app */ = {isa = PBXFileReference; explicitFileType = wrapper.application; includeInIndex = 0; path = Cabify.app; sourceTree = BUILT_PRODUCTS_DIR; };
		B3F49A3629A04E480029FE56 /* AppDelegate.swift */ = {isa = PBXFileReference; lastKnownFileType = sourcecode.swift; path = AppDelegate.swift; sourceTree = "<group>"; };
		B3F49A3829A04E480029FE56 /* SceneDelegate.swift */ = {isa = PBXFileReference; lastKnownFileType = sourcecode.swift; path = SceneDelegate.swift; sourceTree = "<group>"; };
		B3F49A3A29A04E480029FE56 /* HomeViewController.swift */ = {isa = PBXFileReference; lastKnownFileType = sourcecode.swift; path = HomeViewController.swift; sourceTree = "<group>"; };
		B3F49A3F29A04E4A0029FE56 /* Assets.xcassets */ = {isa = PBXFileReference; lastKnownFileType = folder.assetcatalog; path = Assets.xcassets; sourceTree = "<group>"; };
		B3F49A4229A04E4A0029FE56 /* Base */ = {isa = PBXFileReference; lastKnownFileType = file.storyboard; name = Base; path = Base.lproj/LaunchScreen.storyboard; sourceTree = "<group>"; };
		B3F49A4429A04E4A0029FE56 /* Info.plist */ = {isa = PBXFileReference; lastKnownFileType = text.plist.xml; path = Info.plist; sourceTree = "<group>"; };
		B3F49A4929A04E4A0029FE56 /* CabifyTests.xctest */ = {isa = PBXFileReference; explicitFileType = wrapper.cfbundle; includeInIndex = 0; path = CabifyTests.xctest; sourceTree = BUILT_PRODUCTS_DIR; };
		B3F49A4D29A04E4A0029FE56 /* DefaultItemsLoaderTests.swift */ = {isa = PBXFileReference; lastKnownFileType = sourcecode.swift; path = DefaultItemsLoaderTests.swift; sourceTree = "<group>"; };
		B3F49A6929A3D62C0029FE56 /* Item.swift */ = {isa = PBXFileReference; lastKnownFileType = sourcecode.swift; path = Item.swift; sourceTree = "<group>"; };
		B3F49A6D29A3D6D90029FE56 /* ItemsLoader.swift */ = {isa = PBXFileReference; lastKnownFileType = sourcecode.swift; path = ItemsLoader.swift; sourceTree = "<group>"; };
		B3F49A7129A3D7050029FE56 /* DefaultItemsLoader.swift */ = {isa = PBXFileReference; lastKnownFileType = sourcecode.swift; path = DefaultItemsLoader.swift; sourceTree = "<group>"; };
		B3F49A7329A3D71F0029FE56 /* ItemsMapper.swift */ = {isa = PBXFileReference; lastKnownFileType = sourcecode.swift; path = ItemsMapper.swift; sourceTree = "<group>"; };
		B3F49A7629A3D7490029FE56 /* HTTPClient.swift */ = {isa = PBXFileReference; lastKnownFileType = sourcecode.swift; path = HTTPClient.swift; sourceTree = "<group>"; };
		B3F49A7929A3FC5F0029FE56 /* URLSessionHTTPClientTests.swift */ = {isa = PBXFileReference; lastKnownFileType = sourcecode.swift; path = URLSessionHTTPClientTests.swift; sourceTree = "<group>"; };
		B3F49A7D29A406C90029FE56 /* Session.swift */ = {isa = PBXFileReference; lastKnownFileType = sourcecode.swift; path = Session.swift; sourceTree = "<group>"; };
		B3F49A8029A40BDB0029FE56 /* URLSessionHTTPClient.swift */ = {isa = PBXFileReference; lastKnownFileType = sourcecode.swift; path = URLSessionHTTPClient.swift; sourceTree = "<group>"; };
		B3F49A8529A4F7F20029FE56 /* DefaultDiscountsLoaderTests.swift */ = {isa = PBXFileReference; lastKnownFileType = sourcecode.swift; path = DefaultDiscountsLoaderTests.swift; sourceTree = "<group>"; };
		B3F49A8729A79BDD0029FE56 /* Discount.swift */ = {isa = PBXFileReference; lastKnownFileType = sourcecode.swift; path = Discount.swift; sourceTree = "<group>"; };
		B3F49A8929A79C2C0029FE56 /* DiscountsLoader.swift */ = {isa = PBXFileReference; lastKnownFileType = sourcecode.swift; path = DiscountsLoader.swift; sourceTree = "<group>"; };
		B3F49A8B29A79C830029FE56 /* DefaultDiscountsLoader.swift */ = {isa = PBXFileReference; lastKnownFileType = sourcecode.swift; path = DefaultDiscountsLoader.swift; sourceTree = "<group>"; };
		B3F49A8E29A7A10E0029FE56 /* HomeViewModelTests.swift */ = {isa = PBXFileReference; lastKnownFileType = sourcecode.swift; path = HomeViewModelTests.swift; sourceTree = "<group>"; };
		B3F49A9129A7B2AE0029FE56 /* HomeViewModel.swift */ = {isa = PBXFileReference; lastKnownFileType = sourcecode.swift; path = HomeViewModel.swift; sourceTree = "<group>"; };
		B3F49A9329A7C6E50029FE56 /* ItemTableViewCell.swift */ = {isa = PBXFileReference; lastKnownFileType = sourcecode.swift; path = ItemTableViewCell.swift; sourceTree = "<group>"; };
		B3F49A9729A7C78F0029FE56 /* CartViewModelTests.swift */ = {isa = PBXFileReference; lastKnownFileType = sourcecode.swift; path = CartViewModelTests.swift; sourceTree = "<group>"; };
		B3F49A9929A7D3600029FE56 /* CartViewModel.swift */ = {isa = PBXFileReference; lastKnownFileType = sourcecode.swift; path = CartViewModel.swift; sourceTree = "<group>"; };
		B3F49A9B29A7D3790029FE56 /* CartItem.swift */ = {isa = PBXFileReference; lastKnownFileType = sourcecode.swift; path = CartItem.swift; sourceTree = "<group>"; };
/* End PBXFileReference section */

/* Begin PBXFrameworksBuildPhase section */
		B3F49A3029A04E480029FE56 /* Frameworks */ = {
			isa = PBXFrameworksBuildPhase;
			buildActionMask = 2147483647;
			files = (
			);
			runOnlyForDeploymentPostprocessing = 0;
		};
		B3F49A4629A04E4A0029FE56 /* Frameworks */ = {
			isa = PBXFrameworksBuildPhase;
			buildActionMask = 2147483647;
			files = (
			);
			runOnlyForDeploymentPostprocessing = 0;
		};
/* End PBXFrameworksBuildPhase section */

/* Begin PBXGroup section */
		B3F49A2A29A04E480029FE56 = {
			isa = PBXGroup;
			children = (
				B3F49A3529A04E480029FE56 /* Cabify */,
				B3F49A4C29A04E4A0029FE56 /* CabifyTests */,
				B3F49A3429A04E480029FE56 /* Products */,
			);
			sourceTree = "<group>";
		};
		B3F49A3429A04E480029FE56 /* Products */ = {
			isa = PBXGroup;
			children = (
				B3F49A3329A04E480029FE56 /* Cabify.app */,
				B3F49A4929A04E4A0029FE56 /* CabifyTests.xctest */,
			);
			name = Products;
			sourceTree = "<group>";
		};
		B3F49A3529A04E480029FE56 /* Cabify */ = {
			isa = PBXGroup;
			children = (
				B3F49A9029A7B2A00029FE56 /* Presentation */,
				B3F49A6F29A3D6EE0029FE56 /* Infrastructure */,
				B3F49A6B29A3D68F0029FE56 /* Core */,
				B3F49A6729A117FC0029FE56 /* Application */,
				B3F49A6629A117C30029FE56 /* Resources */,
			);
			path = Cabify;
			sourceTree = "<group>";
		};
		B3F49A4C29A04E4A0029FE56 /* CabifyTests */ = {
			isa = PBXGroup;
			children = (
				B3F49A8D29A7A1000029FE56 /* Presentation */,
				B3F49A7829A3FBBD0029FE56 /* Infrastructure */,
			);
			path = CabifyTests;
			sourceTree = "<group>";
		};
		B3F49A6629A117C30029FE56 /* Resources */ = {
			isa = PBXGroup;
			children = (
				B3F49A3F29A04E4A0029FE56 /* Assets.xcassets */,
				B3F49A4429A04E4A0029FE56 /* Info.plist */,
				B3F49A4129A04E4A0029FE56 /* LaunchScreen.storyboard */,
			);
			path = Resources;
			sourceTree = "<group>";
		};
		B3F49A6729A117FC0029FE56 /* Application */ = {
			isa = PBXGroup;
			children = (
				B3F49A3629A04E480029FE56 /* AppDelegate.swift */,
				B3F49A3829A04E480029FE56 /* SceneDelegate.swift */,
			);
			path = Application;
			sourceTree = "<group>";
		};
		B3F49A6829A3D61D0029FE56 /* Domain */ = {
			isa = PBXGroup;
			children = (
				B3F49A6929A3D62C0029FE56 /* Item.swift */,
				B3F49A8729A79BDD0029FE56 /* Discount.swift */,
				B3F49A9B29A7D3790029FE56 /* CartItem.swift */,
			);
			path = Domain;
			sourceTree = "<group>";
		};
		B3F49A6B29A3D68F0029FE56 /* Core */ = {
			isa = PBXGroup;
			children = (
				B3F49A7529A3D7380029FE56 /* Networking */,
				B3F49A6C29A3D69E0029FE56 /* Service */,
				B3F49A6829A3D61D0029FE56 /* Domain */,
			);
			path = Core;
			sourceTree = "<group>";
		};
		B3F49A6C29A3D69E0029FE56 /* Service */ = {
			isa = PBXGroup;
			children = (
				B3F49A6D29A3D6D90029FE56 /* ItemsLoader.swift */,
				B3F49A8929A79C2C0029FE56 /* DiscountsLoader.swift */,
			);
			path = Service;
			sourceTree = "<group>";
		};
		B3F49A6F29A3D6EE0029FE56 /* Infrastructure */ = {
			isa = PBXGroup;
			children = (
				B3F49A7F29A40BC90029FE56 /* Networking */,
				B3F49A7029A3D6F80029FE56 /* Service */,
			);
			path = Infrastructure;
			sourceTree = "<group>";
		};
		B3F49A7029A3D6F80029FE56 /* Service */ = {
			isa = PBXGroup;
			children = (
				B3F49A7129A3D7050029FE56 /* DefaultItemsLoader.swift */,
				B3F49A8B29A79C830029FE56 /* DefaultDiscountsLoader.swift */,
				B3F49A7329A3D71F0029FE56 /* ItemsMapper.swift */,
			);
			path = Service;
			sourceTree = "<group>";
		};
		B3F49A7529A3D7380029FE56 /* Networking */ = {
			isa = PBXGroup;
			children = (
				B3F49A7629A3D7490029FE56 /* HTTPClient.swift */,
				B3F49A7D29A406C90029FE56 /* Session.swift */,
			);
			path = Networking;
			sourceTree = "<group>";
		};
		B3F49A7829A3FBBD0029FE56 /* Infrastructure */ = {
			isa = PBXGroup;
			children = (
				B3F49A7B29A406530029FE56 /* Helpers */,
				B3F49A4D29A04E4A0029FE56 /* DefaultItemsLoaderTests.swift */,
				B3F49A8529A4F7F20029FE56 /* DefaultDiscountsLoaderTests.swift */,
				B3F49A7929A3FC5F0029FE56 /* URLSessionHTTPClientTests.swift */,
			);
			path = Infrastructure;
			sourceTree = "<group>";
		};
		B3F49A7B29A406530029FE56 /* Helpers */ = {
			isa = PBXGroup;
			children = (
			);
			path = Helpers;
			sourceTree = "<group>";
		};
		B3F49A7F29A40BC90029FE56 /* Networking */ = {
			isa = PBXGroup;
			children = (
				B3F49A8029A40BDB0029FE56 /* URLSessionHTTPClient.swift */,
			);
			path = Networking;
			sourceTree = "<group>";
		};
		B3F49A8D29A7A1000029FE56 /* Presentation */ = {
			isa = PBXGroup;
			children = (
				B3F49A8E29A7A10E0029FE56 /* HomeViewModelTests.swift */,
				B3F49A9729A7C78F0029FE56 /* CartViewModelTests.swift */,
			);
			path = Presentation;
			sourceTree = "<group>";
		};
		B3F49A9029A7B2A00029FE56 /* Presentation */ = {
			isa = PBXGroup;
			children = (
				B3F49A3A29A04E480029FE56 /* HomeViewController.swift */,
				B3F49A9329A7C6E50029FE56 /* ItemTableViewCell.swift */,
				B3F49A9129A7B2AE0029FE56 /* HomeViewModel.swift */,
				B3F49A9929A7D3600029FE56 /* CartViewModel.swift */,
			);
			path = Presentation;
			sourceTree = "<group>";
		};
/* End PBXGroup section */

/* Begin PBXNativeTarget section */
		B3F49A3229A04E480029FE56 /* Cabify */ = {
			isa = PBXNativeTarget;
			buildConfigurationList = B3F49A5D29A04E4A0029FE56 /* Build configuration list for PBXNativeTarget "Cabify" */;
			buildPhases = (
				B3F49A2F29A04E480029FE56 /* Sources */,
				B3F49A3029A04E480029FE56 /* Frameworks */,
				B3F49A3129A04E480029FE56 /* Resources */,
			);
			buildRules = (
			);
			dependencies = (
			);
			name = Cabify;
			productName = Cabify;
			productReference = B3F49A3329A04E480029FE56 /* Cabify.app */;
			productType = "com.apple.product-type.application";
		};
		B3F49A4829A04E4A0029FE56 /* CabifyTests */ = {
			isa = PBXNativeTarget;
			buildConfigurationList = B3F49A6029A04E4A0029FE56 /* Build configuration list for PBXNativeTarget "CabifyTests" */;
			buildPhases = (
				B3F49A4529A04E4A0029FE56 /* Sources */,
				B3F49A4629A04E4A0029FE56 /* Frameworks */,
				B3F49A4729A04E4A0029FE56 /* Resources */,
			);
			buildRules = (
			);
			dependencies = (
				B3F49A4B29A04E4A0029FE56 /* PBXTargetDependency */,
			);
			name = CabifyTests;
			productName = CabifyTests;
			productReference = B3F49A4929A04E4A0029FE56 /* CabifyTests.xctest */;
			productType = "com.apple.product-type.bundle.unit-test";
		};
/* End PBXNativeTarget section */

/* Begin PBXProject section */
		B3F49A2B29A04E480029FE56 /* Project object */ = {
			isa = PBXProject;
			attributes = {
				BuildIndependentTargetsInParallel = 1;
				LastSwiftUpdateCheck = 1420;
				LastUpgradeCheck = 1420;
				TargetAttributes = {
					B3F49A3229A04E480029FE56 = {
						CreatedOnToolsVersion = 14.2;
					};
					B3F49A4829A04E4A0029FE56 = {
						CreatedOnToolsVersion = 14.2;
						TestTargetID = B3F49A3229A04E480029FE56;
					};
				};
			};
			buildConfigurationList = B3F49A2E29A04E480029FE56 /* Build configuration list for PBXProject "Cabify" */;
			compatibilityVersion = "Xcode 14.0";
			developmentRegion = en;
			hasScannedForEncodings = 0;
			knownRegions = (
				en,
				Base,
			);
			mainGroup = B3F49A2A29A04E480029FE56;
			productRefGroup = B3F49A3429A04E480029FE56 /* Products */;
			projectDirPath = "";
			projectRoot = "";
			targets = (
				B3F49A3229A04E480029FE56 /* Cabify */,
				B3F49A4829A04E4A0029FE56 /* CabifyTests */,
			);
		};
/* End PBXProject section */

/* Begin PBXResourcesBuildPhase section */
		B3F49A3129A04E480029FE56 /* Resources */ = {
			isa = PBXResourcesBuildPhase;
			buildActionMask = 2147483647;
			files = (
				B3F49A4329A04E4A0029FE56 /* LaunchScreen.storyboard in Resources */,
				B3F49A4029A04E4A0029FE56 /* Assets.xcassets in Resources */,
			);
			runOnlyForDeploymentPostprocessing = 0;
		};
		B3F49A4729A04E4A0029FE56 /* Resources */ = {
			isa = PBXResourcesBuildPhase;
			buildActionMask = 2147483647;
			files = (
			);
			runOnlyForDeploymentPostprocessing = 0;
		};
/* End PBXResourcesBuildPhase section */

/* Begin PBXSourcesBuildPhase section */
		B3F49A2F29A04E480029FE56 /* Sources */ = {
			isa = PBXSourcesBuildPhase;
			buildActionMask = 2147483647;
			files = (
				B3F49A6A29A3D62C0029FE56 /* Item.swift in Sources */,
				B3F49A8829A79BDD0029FE56 /* Discount.swift in Sources */,
				B3F49A8129A40BDB0029FE56 /* URLSessionHTTPClient.swift in Sources */,
				B3F49A8A29A79C2C0029FE56 /* DiscountsLoader.swift in Sources */,
				B3F49A9A29A7D3600029FE56 /* CartViewModel.swift in Sources */,
				B3F49A3B29A04E480029FE56 /* HomeViewController.swift in Sources */,
				B3F49A7729A3D7490029FE56 /* HTTPClient.swift in Sources */,
				B3F49A3729A04E480029FE56 /* AppDelegate.swift in Sources */,
				B3F49A9429A7C6E50029FE56 /* ItemTableViewCell.swift in Sources */,
				B3F49A7229A3D7050029FE56 /* DefaultItemsLoader.swift in Sources */,
				B3F49A7429A3D71F0029FE56 /* ItemsMapper.swift in Sources */,
				B3F49A9229A7B2AE0029FE56 /* HomeViewModel.swift in Sources */,
				B3F49A9C29A7D3790029FE56 /* CartItem.swift in Sources */,
				B3F49A6E29A3D6D90029FE56 /* ItemsLoader.swift in Sources */,
				B3F49A8C29A79C830029FE56 /* DefaultDiscountsLoader.swift in Sources */,
				B3F49A3929A04E480029FE56 /* SceneDelegate.swift in Sources */,
				B3F49A7E29A406C90029FE56 /* Session.swift in Sources */,
			);
			runOnlyForDeploymentPostprocessing = 0;
		};
		B3F49A4529A04E4A0029FE56 /* Sources */ = {
			isa = PBXSourcesBuildPhase;
			buildActionMask = 2147483647;
			files = (
				B3F49A4E29A04E4A0029FE56 /* DefaultItemsLoaderTests.swift in Sources */,
				B3F49A8629A4F7F20029FE56 /* DefaultDiscountsLoaderTests.swift in Sources */,
				B3F49A9829A7C78F0029FE56 /* CartViewModelTests.swift in Sources */,
				B3F49A7A29A3FC5F0029FE56 /* URLSessionHTTPClientTests.swift in Sources */,
				B3F49A8F29A7A10E0029FE56 /* HomeViewModelTests.swift in Sources */,
			);
			runOnlyForDeploymentPostprocessing = 0;
		};
/* End PBXSourcesBuildPhase section */

/* Begin PBXTargetDependency section */
		B3F49A4B29A04E4A0029FE56 /* PBXTargetDependency */ = {
			isa = PBXTargetDependency;
			target = B3F49A3229A04E480029FE56 /* Cabify */;
			targetProxy = B3F49A4A29A04E4A0029FE56 /* PBXContainerItemProxy */;
		};
/* End PBXTargetDependency section */

/* Begin PBXVariantGroup section */
		B3F49A4129A04E4A0029FE56 /* LaunchScreen.storyboard */ = {
			isa = PBXVariantGroup;
			children = (
				B3F49A4229A04E4A0029FE56 /* Base */,
			);
			name = LaunchScreen.storyboard;
			sourceTree = "<group>";
		};
/* End PBXVariantGroup section */

/* Begin XCBuildConfiguration section */
		B3F49A5B29A04E4A0029FE56 /* Debug */ = {
			isa = XCBuildConfiguration;
			buildSettings = {
				ALWAYS_SEARCH_USER_PATHS = NO;
				CLANG_ANALYZER_NONNULL = YES;
				CLANG_ANALYZER_NUMBER_OBJECT_CONVERSION = YES_AGGRESSIVE;
				CLANG_CXX_LANGUAGE_STANDARD = "gnu++20";
				CLANG_ENABLE_MODULES = YES;
				CLANG_ENABLE_OBJC_ARC = YES;
				CLANG_ENABLE_OBJC_WEAK = YES;
				CLANG_WARN_BLOCK_CAPTURE_AUTORELEASING = YES;
				CLANG_WARN_BOOL_CONVERSION = YES;
				CLANG_WARN_COMMA = YES;
				CLANG_WARN_CONSTANT_CONVERSION = YES;
				CLANG_WARN_DEPRECATED_OBJC_IMPLEMENTATIONS = YES;
				CLANG_WARN_DIRECT_OBJC_ISA_USAGE = YES_ERROR;
				CLANG_WARN_DOCUMENTATION_COMMENTS = YES;
				CLANG_WARN_EMPTY_BODY = YES;
				CLANG_WARN_ENUM_CONVERSION = YES;
				CLANG_WARN_INFINITE_RECURSION = YES;
				CLANG_WARN_INT_CONVERSION = YES;
				CLANG_WARN_NON_LITERAL_NULL_CONVERSION = YES;
				CLANG_WARN_OBJC_IMPLICIT_RETAIN_SELF = YES;
				CLANG_WARN_OBJC_LITERAL_CONVERSION = YES;
				CLANG_WARN_OBJC_ROOT_CLASS = YES_ERROR;
				CLANG_WARN_QUOTED_INCLUDE_IN_FRAMEWORK_HEADER = YES;
				CLANG_WARN_RANGE_LOOP_ANALYSIS = YES;
				CLANG_WARN_STRICT_PROTOTYPES = YES;
				CLANG_WARN_SUSPICIOUS_MOVE = YES;
				CLANG_WARN_UNGUARDED_AVAILABILITY = YES_AGGRESSIVE;
				CLANG_WARN_UNREACHABLE_CODE = YES;
				CLANG_WARN__DUPLICATE_METHOD_MATCH = YES;
				COPY_PHASE_STRIP = NO;
				DEBUG_INFORMATION_FORMAT = dwarf;
				ENABLE_STRICT_OBJC_MSGSEND = YES;
				ENABLE_TESTABILITY = YES;
				GCC_C_LANGUAGE_STANDARD = gnu11;
				GCC_DYNAMIC_NO_PIC = NO;
				GCC_NO_COMMON_BLOCKS = YES;
				GCC_OPTIMIZATION_LEVEL = 0;
				GCC_PREPROCESSOR_DEFINITIONS = (
					"DEBUG=1",
					"$(inherited)",
				);
				GCC_WARN_64_TO_32_BIT_CONVERSION = YES;
				GCC_WARN_ABOUT_RETURN_TYPE = YES_ERROR;
				GCC_WARN_UNDECLARED_SELECTOR = YES;
				GCC_WARN_UNINITIALIZED_AUTOS = YES_AGGRESSIVE;
				GCC_WARN_UNUSED_FUNCTION = YES;
				GCC_WARN_UNUSED_VARIABLE = YES;
				IPHONEOS_DEPLOYMENT_TARGET = 16.2;
				MTL_ENABLE_DEBUG_INFO = INCLUDE_SOURCE;
				MTL_FAST_MATH = YES;
				ONLY_ACTIVE_ARCH = YES;
				SDKROOT = iphoneos;
				SWIFT_ACTIVE_COMPILATION_CONDITIONS = DEBUG;
				SWIFT_OPTIMIZATION_LEVEL = "-Onone";
			};
			name = Debug;
		};
		B3F49A5C29A04E4A0029FE56 /* Release */ = {
			isa = XCBuildConfiguration;
			buildSettings = {
				ALWAYS_SEARCH_USER_PATHS = NO;
				CLANG_ANALYZER_NONNULL = YES;
				CLANG_ANALYZER_NUMBER_OBJECT_CONVERSION = YES_AGGRESSIVE;
				CLANG_CXX_LANGUAGE_STANDARD = "gnu++20";
				CLANG_ENABLE_MODULES = YES;
				CLANG_ENABLE_OBJC_ARC = YES;
				CLANG_ENABLE_OBJC_WEAK = YES;
				CLANG_WARN_BLOCK_CAPTURE_AUTORELEASING = YES;
				CLANG_WARN_BOOL_CONVERSION = YES;
				CLANG_WARN_COMMA = YES;
				CLANG_WARN_CONSTANT_CONVERSION = YES;
				CLANG_WARN_DEPRECATED_OBJC_IMPLEMENTATIONS = YES;
				CLANG_WARN_DIRECT_OBJC_ISA_USAGE = YES_ERROR;
				CLANG_WARN_DOCUMENTATION_COMMENTS = YES;
				CLANG_WARN_EMPTY_BODY = YES;
				CLANG_WARN_ENUM_CONVERSION = YES;
				CLANG_WARN_INFINITE_RECURSION = YES;
				CLANG_WARN_INT_CONVERSION = YES;
				CLANG_WARN_NON_LITERAL_NULL_CONVERSION = YES;
				CLANG_WARN_OBJC_IMPLICIT_RETAIN_SELF = YES;
				CLANG_WARN_OBJC_LITERAL_CONVERSION = YES;
				CLANG_WARN_OBJC_ROOT_CLASS = YES_ERROR;
				CLANG_WARN_QUOTED_INCLUDE_IN_FRAMEWORK_HEADER = YES;
				CLANG_WARN_RANGE_LOOP_ANALYSIS = YES;
				CLANG_WARN_STRICT_PROTOTYPES = YES;
				CLANG_WARN_SUSPICIOUS_MOVE = YES;
				CLANG_WARN_UNGUARDED_AVAILABILITY = YES_AGGRESSIVE;
				CLANG_WARN_UNREACHABLE_CODE = YES;
				CLANG_WARN__DUPLICATE_METHOD_MATCH = YES;
				COPY_PHASE_STRIP = NO;
				DEBUG_INFORMATION_FORMAT = "dwarf-with-dsym";
				ENABLE_NS_ASSERTIONS = NO;
				ENABLE_STRICT_OBJC_MSGSEND = YES;
				GCC_C_LANGUAGE_STANDARD = gnu11;
				GCC_NO_COMMON_BLOCKS = YES;
				GCC_WARN_64_TO_32_BIT_CONVERSION = YES;
				GCC_WARN_ABOUT_RETURN_TYPE = YES_ERROR;
				GCC_WARN_UNDECLARED_SELECTOR = YES;
				GCC_WARN_UNINITIALIZED_AUTOS = YES_AGGRESSIVE;
				GCC_WARN_UNUSED_FUNCTION = YES;
				GCC_WARN_UNUSED_VARIABLE = YES;
				IPHONEOS_DEPLOYMENT_TARGET = 16.2;
				MTL_ENABLE_DEBUG_INFO = NO;
				MTL_FAST_MATH = YES;
				SDKROOT = iphoneos;
				SWIFT_COMPILATION_MODE = wholemodule;
				SWIFT_OPTIMIZATION_LEVEL = "-O";
				VALIDATE_PRODUCT = YES;
			};
			name = Release;
		};
		B3F49A5E29A04E4A0029FE56 /* Debug */ = {
			isa = XCBuildConfiguration;
			buildSettings = {
				ASSETCATALOG_COMPILER_APPICON_NAME = AppIcon;
				ASSETCATALOG_COMPILER_GLOBAL_ACCENT_COLOR_NAME = AccentColor;
				CODE_SIGN_STYLE = Automatic;
				CURRENT_PROJECT_VERSION = 1;
				DEVELOPMENT_TEAM = 82GZ32TP2H;
				GENERATE_INFOPLIST_FILE = YES;
				INFOPLIST_FILE = Cabify/Resources/Info.plist;
				INFOPLIST_KEY_UIApplicationSupportsIndirectInputEvents = YES;
				INFOPLIST_KEY_UILaunchStoryboardName = LaunchScreen;
				INFOPLIST_KEY_UIMainStoryboardFile = "";
				INFOPLIST_KEY_UISupportedInterfaceOrientations_iPad = "UIInterfaceOrientationPortrait UIInterfaceOrientationPortraitUpsideDown UIInterfaceOrientationLandscapeLeft UIInterfaceOrientationLandscapeRight";
				INFOPLIST_KEY_UISupportedInterfaceOrientations_iPhone = "UIInterfaceOrientationPortrait UIInterfaceOrientationLandscapeLeft UIInterfaceOrientationLandscapeRight";
				LD_RUNPATH_SEARCH_PATHS = (
					"$(inherited)",
					"@executable_path/Frameworks",
				);
				MARKETING_VERSION = 1.0;
				PRODUCT_BUNDLE_IDENTIFIER = com.matiasglessi.Cabify;
				PRODUCT_NAME = "$(TARGET_NAME)";
				SWIFT_EMIT_LOC_STRINGS = YES;
				SWIFT_VERSION = 5.0;
				TARGETED_DEVICE_FAMILY = "1,2";
			};
			name = Debug;
		};
		B3F49A5F29A04E4A0029FE56 /* Release */ = {
			isa = XCBuildConfiguration;
			buildSettings = {
				ASSETCATALOG_COMPILER_APPICON_NAME = AppIcon;
				ASSETCATALOG_COMPILER_GLOBAL_ACCENT_COLOR_NAME = AccentColor;
				CODE_SIGN_STYLE = Automatic;
				CURRENT_PROJECT_VERSION = 1;
				DEVELOPMENT_TEAM = 82GZ32TP2H;
				GENERATE_INFOPLIST_FILE = YES;
				INFOPLIST_FILE = Cabify/Resources/Info.plist;
				INFOPLIST_KEY_UIApplicationSupportsIndirectInputEvents = YES;
				INFOPLIST_KEY_UILaunchStoryboardName = LaunchScreen;
				INFOPLIST_KEY_UIMainStoryboardFile = "";
				INFOPLIST_KEY_UISupportedInterfaceOrientations_iPad = "UIInterfaceOrientationPortrait UIInterfaceOrientationPortraitUpsideDown UIInterfaceOrientationLandscapeLeft UIInterfaceOrientationLandscapeRight";
				INFOPLIST_KEY_UISupportedInterfaceOrientations_iPhone = "UIInterfaceOrientationPortrait UIInterfaceOrientationLandscapeLeft UIInterfaceOrientationLandscapeRight";
				LD_RUNPATH_SEARCH_PATHS = (
					"$(inherited)",
					"@executable_path/Frameworks",
				);
				MARKETING_VERSION = 1.0;
				PRODUCT_BUNDLE_IDENTIFIER = com.matiasglessi.Cabify;
				PRODUCT_NAME = "$(TARGET_NAME)";
				SWIFT_EMIT_LOC_STRINGS = YES;
				SWIFT_VERSION = 5.0;
				TARGETED_DEVICE_FAMILY = "1,2";
			};
			name = Release;
		};
		B3F49A6129A04E4A0029FE56 /* Debug */ = {
			isa = XCBuildConfiguration;
			buildSettings = {
				ALWAYS_EMBED_SWIFT_STANDARD_LIBRARIES = YES;
				BUNDLE_LOADER = "$(TEST_HOST)";
				CODE_SIGN_STYLE = Automatic;
				CURRENT_PROJECT_VERSION = 1;
				DEVELOPMENT_TEAM = 82GZ32TP2H;
				GENERATE_INFOPLIST_FILE = YES;
				IPHONEOS_DEPLOYMENT_TARGET = 16.2;
				MARKETING_VERSION = 1.0;
				PRODUCT_BUNDLE_IDENTIFIER = com.matiasglessi.CabifyTests;
				PRODUCT_NAME = "$(TARGET_NAME)";
				SWIFT_EMIT_LOC_STRINGS = NO;
				SWIFT_VERSION = 5.0;
				TARGETED_DEVICE_FAMILY = "1,2";
				TEST_HOST = "$(BUILT_PRODUCTS_DIR)/Cabify.app/$(BUNDLE_EXECUTABLE_FOLDER_PATH)/Cabify";
			};
			name = Debug;
		};
		B3F49A6229A04E4A0029FE56 /* Release */ = {
			isa = XCBuildConfiguration;
			buildSettings = {
				ALWAYS_EMBED_SWIFT_STANDARD_LIBRARIES = YES;
				BUNDLE_LOADER = "$(TEST_HOST)";
				CODE_SIGN_STYLE = Automatic;
				CURRENT_PROJECT_VERSION = 1;
				DEVELOPMENT_TEAM = 82GZ32TP2H;
				GENERATE_INFOPLIST_FILE = YES;
				IPHONEOS_DEPLOYMENT_TARGET = 16.2;
				MARKETING_VERSION = 1.0;
				PRODUCT_BUNDLE_IDENTIFIER = com.matiasglessi.CabifyTests;
				PRODUCT_NAME = "$(TARGET_NAME)";
				SWIFT_EMIT_LOC_STRINGS = NO;
				SWIFT_VERSION = 5.0;
				TARGETED_DEVICE_FAMILY = "1,2";
				TEST_HOST = "$(BUILT_PRODUCTS_DIR)/Cabify.app/$(BUNDLE_EXECUTABLE_FOLDER_PATH)/Cabify";
			};
			name = Release;
		};
/* End XCBuildConfiguration section */

/* Begin XCConfigurationList section */
		B3F49A2E29A04E480029FE56 /* Build configuration list for PBXProject "Cabify" */ = {
			isa = XCConfigurationList;
			buildConfigurations = (
				B3F49A5B29A04E4A0029FE56 /* Debug */,
				B3F49A5C29A04E4A0029FE56 /* Release */,
			);
			defaultConfigurationIsVisible = 0;
			defaultConfigurationName = Release;
		};
		B3F49A5D29A04E4A0029FE56 /* Build configuration list for PBXNativeTarget "Cabify" */ = {
			isa = XCConfigurationList;
			buildConfigurations = (
				B3F49A5E29A04E4A0029FE56 /* Debug */,
				B3F49A5F29A04E4A0029FE56 /* Release */,
			);
			defaultConfigurationIsVisible = 0;
			defaultConfigurationName = Release;
		};
		B3F49A6029A04E4A0029FE56 /* Build configuration list for PBXNativeTarget "CabifyTests" */ = {
			isa = XCConfigurationList;
			buildConfigurations = (
				B3F49A6129A04E4A0029FE56 /* Debug */,
				B3F49A6229A04E4A0029FE56 /* Release */,
			);
			defaultConfigurationIsVisible = 0;
			defaultConfigurationName = Release;
		};
/* End XCConfigurationList section */
	};
	rootObject = B3F49A2B29A04E480029FE56 /* Project object */;
}
